
Microsoft Visual Studio Solution File, Format Version 12.00
# Visual Studio Version 17
VisualStudioVersion = 17.8.34408.163
MinimumVisualStudioVersion = 10.0.40219.1
Project("{FAE04EC0-301F-11D3-BF4B-00C04F79EFBC}") = "DotNetRpgProject", "DotNetRpgProject\DotNetRpgProject.csproj", "{BEFEFDA7-BF34-45E9-992D-7CAA444C8F91}"
EndProject
Global
	GlobalSection(SolutionConfigurationPlatforms) = preSolution
		Debug|Any CPU = Debug|Any CPU
		Release|Any CPU = Release|Any CPU
	EndGlobalSection
	GlobalSection(ProjectConfigurationPlatforms) = postSolution
		{BEFEFDA7-BF34-45E9-992D-7CAA444C8F91}.Debug|Any CPU.ActiveCfg = Debug|Any CPU
		{BEFEFDA7-BF34-45E9-992D-7CAA444C8F91}.Debug|Any CPU.Build.0 = Debug|Any CPU
		{BEFEFDA7-BF34-45E9-992D-7CAA444C8F91}.Release|Any CPU.ActiveCfg = Release|Any CPU
		{BEFEFDA7-BF34-45E9-992D-7CAA444C8F91}.Release|Any CPU.Build.0 = Release|Any CPU
	EndGlobalSection
	GlobalSection(SolutionProperties) = preSolution
		HideSolutionNode = FALSE
	EndGlobalSection
	GlobalSection(ExtensibilityGlobals) = postSolution
		SolutionGuid = {053A08FB-99BF-4700-A35D-D3F8F1EE0304}
	EndGlobalSection
EndGlobal
